
Microsoft Visual Studio Solution File, Format Version 12.00
# Visual Studio Version 17
VisualStudioVersion = 17.2.32630.192
MinimumVisualStudioVersion = 10.0.40219.1
Project("{FAE04EC0-301F-11D3-BF4B-00C04F79EFBC}") = "Holamundo", "Holamundo.csproj", "{5E106DFF-9F26-4489-A331-2727CA835931}"
EndProject
Global
	GlobalSection(SolutionConfigurationPlatforms) = preSolution
		Debug|Any CPU = Debug|Any CPU
		Release|Any CPU = Release|Any CPU
	EndGlobalSection
	GlobalSection(ProjectConfigurationPlatforms) = postSolution
		{5E106DFF-9F26-4489-A331-2727CA835931}.Debug|Any CPU.ActiveCfg = Debug|Any CPU
		{5E106DFF-9F26-4489-A331-2727CA835931}.Debug|Any CPU.Build.0 = Debug|Any CPU
		{5E106DFF-9F26-4489-A331-2727CA835931}.Release|Any CPU.ActiveCfg = Release|Any CPU
		{5E106DFF-9F26-4489-A331-2727CA835931}.Release|Any CPU.Build.0 = Release|Any CPU
	EndGlobalSection
	GlobalSection(SolutionProperties) = preSolution
		HideSolutionNode = FALSE
	EndGlobalSection
	GlobalSection(ExtensibilityGlobals) = postSolution
		SolutionGuid = {AFDC8138-2EDE-426D-A16C-1904D9E927B7}
	EndGlobalSection
EndGlobal
